
Microsoft Visual Studio Solution File, Format Version 12.00
# Visual Studio 2012
Project("{FAE04EC0-301F-11D3-BF4B-00C04F79EFBC}") = "RomanNumeralConversionTool", "Rnum\RomanNumeralConversionTool.csproj", "{31B4BD4E-D680-488A-9074-AED66B8D3DED}"
EndProject
Project("{FAE04EC0-301F-11D3-BF4B-00C04F79EFBC}") = "ConvertTest", "ConvertTest\ConvertTest.csproj", "{846D14CE-66A0-445F-BC4D-AF4300881584}"
EndProject
Project("{FAE04EC0-301F-11D3-BF4B-00C04F79EFBC}") = "RomanNumeralConverter", "RomanNumeralConverter\RomanNumeralConverter\RomanNumeralConverter.csproj", "{2BD4434E-29DB-48CA-A979-1827BE6D2231}"
EndProject
Global
	GlobalSection(SolutionConfigurationPlatforms) = preSolution
		Debug|Any CPU = Debug|Any CPU
		Release|Any CPU = Release|Any CPU
	EndGlobalSection
	GlobalSection(ProjectConfigurationPlatforms) = postSolution
		{31B4BD4E-D680-488A-9074-AED66B8D3DED}.Debug|Any CPU.ActiveCfg = Debug|Any CPU
		{31B4BD4E-D680-488A-9074-AED66B8D3DED}.Debug|Any CPU.Build.0 = Debug|Any CPU
		{31B4BD4E-D680-488A-9074-AED66B8D3DED}.Release|Any CPU.ActiveCfg = Release|Any CPU
		{31B4BD4E-D680-488A-9074-AED66B8D3DED}.Release|Any CPU.Build.0 = Release|Any CPU
		{846D14CE-66A0-445F-BC4D-AF4300881584}.Debug|Any CPU.ActiveCfg = Debug|Any CPU
		{846D14CE-66A0-445F-BC4D-AF4300881584}.Debug|Any CPU.Build.0 = Debug|Any CPU
		{846D14CE-66A0-445F-BC4D-AF4300881584}.Release|Any CPU.ActiveCfg = Release|Any CPU
		{846D14CE-66A0-445F-BC4D-AF4300881584}.Release|Any CPU.Build.0 = Release|Any CPU
		{2BD4434E-29DB-48CA-A979-1827BE6D2231}.Debug|Any CPU.ActiveCfg = Debug|Any CPU
		{2BD4434E-29DB-48CA-A979-1827BE6D2231}.Debug|Any CPU.Build.0 = Debug|Any CPU
		{2BD4434E-29DB-48CA-A979-1827BE6D2231}.Release|Any CPU.ActiveCfg = Release|Any CPU
		{2BD4434E-29DB-48CA-A979-1827BE6D2231}.Release|Any CPU.Build.0 = Release|Any CPU
	EndGlobalSection
	GlobalSection(SolutionProperties) = preSolution
		HideSolutionNode = FALSE
	EndGlobalSection
EndGlobal
