
Microsoft Visual Studio Solution File, Format Version 12.00
# Visual Studio 2012
Project("{FAE04EC0-301F-11D3-BF4B-00C04F79EFBC}") = "RomanConverterAutomationLauncher", "RomanConverterAutomationLauncher\RomanConverterAutomationLauncher.csproj", "{DF316F99-6127-4311-9B67-D7B2478209B6}"
EndProject
Project("{FAE04EC0-301F-11D3-BF4B-00C04F79EFBC}") = "RomanConverterAutomation", "..\Rnum\RomanConverterAutomation\RomanConverterAutomation\RomanConverterAutomation.csproj", "{0DCF1183-69A8-4FD1-BE2B-24868F105859}"
EndProject
Global
	GlobalSection(SolutionConfigurationPlatforms) = preSolution
		Debug|Any CPU = Debug|Any CPU
		Release|Any CPU = Release|Any CPU
	EndGlobalSection
	GlobalSection(ProjectConfigurationPlatforms) = postSolution
		{DF316F99-6127-4311-9B67-D7B2478209B6}.Debug|Any CPU.ActiveCfg = Debug|Any CPU
		{DF316F99-6127-4311-9B67-D7B2478209B6}.Debug|Any CPU.Build.0 = Debug|Any CPU
		{DF316F99-6127-4311-9B67-D7B2478209B6}.Release|Any CPU.ActiveCfg = Release|Any CPU
		{DF316F99-6127-4311-9B67-D7B2478209B6}.Release|Any CPU.Build.0 = Release|Any CPU
		{0DCF1183-69A8-4FD1-BE2B-24868F105859}.Debug|Any CPU.ActiveCfg = Debug|Any CPU
		{0DCF1183-69A8-4FD1-BE2B-24868F105859}.Debug|Any CPU.Build.0 = Debug|Any CPU
		{0DCF1183-69A8-4FD1-BE2B-24868F105859}.Release|Any CPU.ActiveCfg = Release|Any CPU
		{0DCF1183-69A8-4FD1-BE2B-24868F105859}.Release|Any CPU.Build.0 = Release|Any CPU
	EndGlobalSection
	GlobalSection(SolutionProperties) = preSolution
		HideSolutionNode = FALSE
	EndGlobalSection
EndGlobal
